
Microsoft Visual Studio Solution File, Format Version 12.00
# Visual Studio Version 16
VisualStudioVersion = 16.0.30309.148
MinimumVisualStudioVersion = 10.0.40219.1
Project("{8BC9CEB8-8B4A-11D0-8D11-00A0C91BC942}") = "libespresso", "..\espresso\espresso-lib\src\libespressoVC19.vcxproj", "{B954229E-6D71-4154-BC24-2EB50738C4C0}"
EndProject
Project("{8BC9CEB8-8B4A-11D0-8D11-00A0C91BC942}") = "bin2txt", "src\bin2txt\bin2txtVC19.vcxproj", "{4DB5E619-4DC1-4814-ADEB-02F898C58AF9}"
	ProjectSection(ProjectDependencies) = postProject
		{B954229E-6D71-4154-BC24-2EB50738C4C0} = {B954229E-6D71-4154-BC24-2EB50738C4C0}
	EndProjectSection
EndProject
Project("{8BC9CEB8-8B4A-11D0-8D11-00A0C91BC942}") = "dec2hex", "src\dec2hex\dec2hexVC19.vcxproj", "{57C77BDD-FB7F-4308-BBA5-B209921CEEDD}"
	ProjectSection(ProjectDependencies) = postProject
		{B954229E-6D71-4154-BC24-2EB50738C4C0} = {B954229E-6D71-4154-BC24-2EB50738C4C0}
	EndProjectSection
EndProject
Project("{8BC9CEB8-8B4A-11D0-8D11-00A0C91BC942}") = "env", "src\env\envVC19.vcxproj", "{F704F0F0-AE1E-40A4-8895-6BA8B910004B}"
	ProjectSection(ProjectDependencies) = postProject
		{B954229E-6D71-4154-BC24-2EB50738C4C0} = {B954229E-6D71-4154-BC24-2EB50738C4C0}
	EndProjectSection
EndProject
Project("{8BC9CEB8-8B4A-11D0-8D11-00A0C91BC942}") = "memcheck", "src\memcheck\memcheckVC19.vcxproj", "{73CB6EC6-6734-4F72-B160-F7595AC3FD6D}"
	ProjectSection(ProjectDependencies) = postProject
		{B954229E-6D71-4154-BC24-2EB50738C4C0} = {B954229E-6D71-4154-BC24-2EB50738C4C0}
	EndProjectSection
EndProject
Project("{8BC9CEB8-8B4A-11D0-8D11-00A0C91BC942}") = "secs2time", "src\secs2time\secs2timeVC19.vcxproj", "{CCF2DB5A-8BBF-4383-A01B-4C9E588007D1}"
	ProjectSection(ProjectDependencies) = postProject
		{B954229E-6D71-4154-BC24-2EB50738C4C0} = {B954229E-6D71-4154-BC24-2EB50738C4C0}
	EndProjectSection
EndProject
Project("{8BC9CEB8-8B4A-11D0-8D11-00A0C91BC942}") = "spaces2tabs", "src\spaces2tabs\spaces2tabsVC19.vcxproj", "{B1D73DC0-330A-4311-95D3-6D283AA815DB}"
	ProjectSection(ProjectDependencies) = postProject
		{B954229E-6D71-4154-BC24-2EB50738C4C0} = {B954229E-6D71-4154-BC24-2EB50738C4C0}
	EndProjectSection
EndProject
Project("{8BC9CEB8-8B4A-11D0-8D11-00A0C91BC942}") = "tabs2spaces", "src\tabs2spaces\tabs2spacesVC19.vcxproj", "{07D17169-6C4F-43E4-BA39-2BDD5897F6FB}"
EndProject
Project("{8BC9CEB8-8B4A-11D0-8D11-00A0C91BC942}") = "watch", "src\watch\watch.vcxproj", "{32E65244-C603-496C-80C1-BE5C33611659}"
	ProjectSection(ProjectDependencies) = postProject
		{B954229E-6D71-4154-BC24-2EB50738C4C0} = {B954229E-6D71-4154-BC24-2EB50738C4C0}
	EndProjectSection
EndProject
Global
	GlobalSection(SolutionConfigurationPlatforms) = preSolution
		Debug|x64 = Debug|x64
		Debug|x86 = Debug|x86
		Release|x64 = Release|x64
		Release|x86 = Release|x86
		Template|x64 = Template|x64
		Template|x86 = Template|x86
	EndGlobalSection
	GlobalSection(ProjectConfigurationPlatforms) = postSolution
		{B954229E-6D71-4154-BC24-2EB50738C4C0}.Debug|x64.ActiveCfg = Debug|Win32
		{B954229E-6D71-4154-BC24-2EB50738C4C0}.Debug|x86.ActiveCfg = Debug|Win32
		{B954229E-6D71-4154-BC24-2EB50738C4C0}.Debug|x86.Build.0 = Debug|Win32
		{B954229E-6D71-4154-BC24-2EB50738C4C0}.Release|x64.ActiveCfg = Release|Win32
		{B954229E-6D71-4154-BC24-2EB50738C4C0}.Release|x86.ActiveCfg = Release|Win32
		{B954229E-6D71-4154-BC24-2EB50738C4C0}.Release|x86.Build.0 = Release|Win32
		{B954229E-6D71-4154-BC24-2EB50738C4C0}.Template|x64.ActiveCfg = Release|Win32
		{B954229E-6D71-4154-BC24-2EB50738C4C0}.Template|x64.Build.0 = Release|Win32
		{B954229E-6D71-4154-BC24-2EB50738C4C0}.Template|x86.ActiveCfg = Release|Win32
		{B954229E-6D71-4154-BC24-2EB50738C4C0}.Template|x86.Build.0 = Release|Win32
		{4DB5E619-4DC1-4814-ADEB-02F898C58AF9}.Debug|x64.ActiveCfg = Debug|Win32
		{4DB5E619-4DC1-4814-ADEB-02F898C58AF9}.Debug|x86.ActiveCfg = Debug|Win32
		{4DB5E619-4DC1-4814-ADEB-02F898C58AF9}.Debug|x86.Build.0 = Debug|Win32
		{4DB5E619-4DC1-4814-ADEB-02F898C58AF9}.Release|x64.ActiveCfg = Release|Win32
		{4DB5E619-4DC1-4814-ADEB-02F898C58AF9}.Release|x86.ActiveCfg = Release|Win32
		{4DB5E619-4DC1-4814-ADEB-02F898C58AF9}.Release|x86.Build.0 = Release|Win32
		{4DB5E619-4DC1-4814-ADEB-02F898C58AF9}.Template|x64.ActiveCfg = Release|Win32
		{4DB5E619-4DC1-4814-ADEB-02F898C58AF9}.Template|x64.Build.0 = Release|Win32
		{4DB5E619-4DC1-4814-ADEB-02F898C58AF9}.Template|x86.ActiveCfg = Release|Win32
		{4DB5E619-4DC1-4814-ADEB-02F898C58AF9}.Template|x86.Build.0 = Release|Win32
		{57C77BDD-FB7F-4308-BBA5-B209921CEEDD}.Debug|x64.ActiveCfg = Debug|Win32
		{57C77BDD-FB7F-4308-BBA5-B209921CEEDD}.Debug|x86.ActiveCfg = Debug|Win32
		{57C77BDD-FB7F-4308-BBA5-B209921CEEDD}.Debug|x86.Build.0 = Debug|Win32
		{57C77BDD-FB7F-4308-BBA5-B209921CEEDD}.Release|x64.ActiveCfg = Release|Win32
		{57C77BDD-FB7F-4308-BBA5-B209921CEEDD}.Release|x86.ActiveCfg = Release|Win32
		{57C77BDD-FB7F-4308-BBA5-B209921CEEDD}.Release|x86.Build.0 = Release|Win32
		{57C77BDD-FB7F-4308-BBA5-B209921CEEDD}.Template|x64.ActiveCfg = Release|Win32
		{57C77BDD-FB7F-4308-BBA5-B209921CEEDD}.Template|x64.Build.0 = Release|Win32
		{57C77BDD-FB7F-4308-BBA5-B209921CEEDD}.Template|x86.ActiveCfg = Release|Win32
		{57C77BDD-FB7F-4308-BBA5-B209921CEEDD}.Template|x86.Build.0 = Release|Win32
		{F704F0F0-AE1E-40A4-8895-6BA8B910004B}.Debug|x64.ActiveCfg = Debug|Win32
		{F704F0F0-AE1E-40A4-8895-6BA8B910004B}.Debug|x86.ActiveCfg = Debug|Win32
		{F704F0F0-AE1E-40A4-8895-6BA8B910004B}.Debug|x86.Build.0 = Debug|Win32
		{F704F0F0-AE1E-40A4-8895-6BA8B910004B}.Release|x64.ActiveCfg = Release|Win32
		{F704F0F0-AE1E-40A4-8895-6BA8B910004B}.Release|x86.ActiveCfg = Release|Win32
		{F704F0F0-AE1E-40A4-8895-6BA8B910004B}.Release|x86.Build.0 = Release|Win32
		{F704F0F0-AE1E-40A4-8895-6BA8B910004B}.Template|x64.ActiveCfg = Template|Win32
		{F704F0F0-AE1E-40A4-8895-6BA8B910004B}.Template|x86.ActiveCfg = Template|Win32
		{F704F0F0-AE1E-40A4-8895-6BA8B910004B}.Template|x86.Build.0 = Template|Win32
		{73CB6EC6-6734-4F72-B160-F7595AC3FD6D}.Debug|x64.ActiveCfg = Debug|Win32
		{73CB6EC6-6734-4F72-B160-F7595AC3FD6D}.Debug|x86.ActiveCfg = Debug|Win32
		{73CB6EC6-6734-4F72-B160-F7595AC3FD6D}.Debug|x86.Build.0 = Debug|Win32
		{73CB6EC6-6734-4F72-B160-F7595AC3FD6D}.Release|x64.ActiveCfg = Release|Win32
		{73CB6EC6-6734-4F72-B160-F7595AC3FD6D}.Release|x86.ActiveCfg = Release|Win32
		{73CB6EC6-6734-4F72-B160-F7595AC3FD6D}.Release|x86.Build.0 = Release|Win32
		{73CB6EC6-6734-4F72-B160-F7595AC3FD6D}.Template|x64.ActiveCfg = Template|Win32
		{73CB6EC6-6734-4F72-B160-F7595AC3FD6D}.Template|x86.ActiveCfg = Template|Win32
		{73CB6EC6-6734-4F72-B160-F7595AC3FD6D}.Template|x86.Build.0 = Template|Win32
		{CCF2DB5A-8BBF-4383-A01B-4C9E588007D1}.Debug|x64.ActiveCfg = Debug|Win32
		{CCF2DB5A-8BBF-4383-A01B-4C9E588007D1}.Debug|x86.ActiveCfg = Debug|Win32
		{CCF2DB5A-8BBF-4383-A01B-4C9E588007D1}.Debug|x86.Build.0 = Debug|Win32
		{CCF2DB5A-8BBF-4383-A01B-4C9E588007D1}.Release|x64.ActiveCfg = Release|Win32
		{CCF2DB5A-8BBF-4383-A01B-4C9E588007D1}.Release|x86.ActiveCfg = Release|Win32
		{CCF2DB5A-8BBF-4383-A01B-4C9E588007D1}.Release|x86.Build.0 = Release|Win32
		{CCF2DB5A-8BBF-4383-A01B-4C9E588007D1}.Template|x64.ActiveCfg = Template|Win32
		{CCF2DB5A-8BBF-4383-A01B-4C9E588007D1}.Template|x86.ActiveCfg = Template|Win32
		{CCF2DB5A-8BBF-4383-A01B-4C9E588007D1}.Template|x86.Build.0 = Template|Win32
		{B1D73DC0-330A-4311-95D3-6D283AA815DB}.Debug|x64.ActiveCfg = Debug|Win32
		{B1D73DC0-330A-4311-95D3-6D283AA815DB}.Debug|x86.ActiveCfg = Debug|Win32
		{B1D73DC0-330A-4311-95D3-6D283AA815DB}.Debug|x86.Build.0 = Debug|Win32
		{B1D73DC0-330A-4311-95D3-6D283AA815DB}.Release|x64.ActiveCfg = Release|Win32
		{B1D73DC0-330A-4311-95D3-6D283AA815DB}.Release|x86.ActiveCfg = Release|Win32
		{B1D73DC0-330A-4311-95D3-6D283AA815DB}.Release|x86.Build.0 = Release|Win32
		{B1D73DC0-330A-4311-95D3-6D283AA815DB}.Template|x64.ActiveCfg = Template|Win32
		{B1D73DC0-330A-4311-95D3-6D283AA815DB}.Template|x86.ActiveCfg = Template|Win32
		{B1D73DC0-330A-4311-95D3-6D283AA815DB}.Template|x86.Build.0 = Template|Win32
		{07D17169-6C4F-43E4-BA39-2BDD5897F6FB}.Debug|x64.ActiveCfg = Debug|x64
		{07D17169-6C4F-43E4-BA39-2BDD5897F6FB}.Debug|x64.Build.0 = Debug|x64
		{07D17169-6C4F-43E4-BA39-2BDD5897F6FB}.Debug|x86.ActiveCfg = Debug|Win32
		{07D17169-6C4F-43E4-BA39-2BDD5897F6FB}.Debug|x86.Build.0 = Debug|Win32
		{07D17169-6C4F-43E4-BA39-2BDD5897F6FB}.Release|x64.ActiveCfg = Release|x64
		{07D17169-6C4F-43E4-BA39-2BDD5897F6FB}.Release|x64.Build.0 = Release|x64
		{07D17169-6C4F-43E4-BA39-2BDD5897F6FB}.Release|x86.ActiveCfg = Release|Win32
		{07D17169-6C4F-43E4-BA39-2BDD5897F6FB}.Release|x86.Build.0 = Release|Win32
		{07D17169-6C4F-43E4-BA39-2BDD5897F6FB}.Template|x64.ActiveCfg = Debug|x64
		{07D17169-6C4F-43E4-BA39-2BDD5897F6FB}.Template|x64.Build.0 = Debug|x64
		{07D17169-6C4F-43E4-BA39-2BDD5897F6FB}.Template|x86.ActiveCfg = Debug|Win32
		{07D17169-6C4F-43E4-BA39-2BDD5897F6FB}.Template|x86.Build.0 = Debug|Win32
		{32E65244-C603-496C-80C1-BE5C33611659}.Debug|x64.ActiveCfg = Debug|x64
		{32E65244-C603-496C-80C1-BE5C33611659}.Debug|x64.Build.0 = Debug|x64
		{32E65244-C603-496C-80C1-BE5C33611659}.Debug|x86.ActiveCfg = Debug|Win32
		{32E65244-C603-496C-80C1-BE5C33611659}.Debug|x86.Build.0 = Debug|Win32
		{32E65244-C603-496C-80C1-BE5C33611659}.Release|x64.ActiveCfg = Release|x64
		{32E65244-C603-496C-80C1-BE5C33611659}.Release|x64.Build.0 = Release|x64
		{32E65244-C603-496C-80C1-BE5C33611659}.Release|x86.ActiveCfg = Release|Win32
		{32E65244-C603-496C-80C1-BE5C33611659}.Release|x86.Build.0 = Release|Win32
		{32E65244-C603-496C-80C1-BE5C33611659}.Template|x64.ActiveCfg = Debug|x64
		{32E65244-C603-496C-80C1-BE5C33611659}.Template|x64.Build.0 = Debug|x64
		{32E65244-C603-496C-80C1-BE5C33611659}.Template|x86.ActiveCfg = Debug|Win32
		{32E65244-C603-496C-80C1-BE5C33611659}.Template|x86.Build.0 = Debug|Win32
	EndGlobalSection
	GlobalSection(SolutionProperties) = preSolution
		HideSolutionNode = FALSE
	EndGlobalSection
	GlobalSection(ExtensibilityGlobals) = postSolution
		SolutionGuid = {AE6EDF64-FAF8-48D5-88D8-C5B513423DFC}
	EndGlobalSection
EndGlobal
